// !$*UTF8*$!
{
	archiveVersion = 1;
	classes = {
	};
	objectVersion = 50;
	objects = {

/* Begin PBXBuildFile section */
		526BF21125BB255D00CC1E30 /* AppDelegate.swift in Sources */ = {isa = PBXBuildFile; fileRef = 526BF21025BB255D00CC1E30 /* AppDelegate.swift */; };
		526BF21325BB255D00CC1E30 /* SceneDelegate.swift in Sources */ = {isa = PBXBuildFile; fileRef = 526BF21225BB255D00CC1E30 /* SceneDelegate.swift */; };
		526BF21525BB255D00CC1E30 /* CommentsViewController.swift in Sources */ = {isa = PBXBuildFile; fileRef = 526BF21425BB255D00CC1E30 /* CommentsViewController.swift */; };
		526BF21825BB255D00CC1E30 /* Main.storyboard in Resources */ = {isa = PBXBuildFile; fileRef = 526BF21625BB255D00CC1E30 /* Main.storyboard */; };
		526BF21A25BB255F00CC1E30 /* Assets.xcassets in Resources */ = {isa = PBXBuildFile; fileRef = 526BF21925BB255F00CC1E30 /* Assets.xcassets */; };
		526BF21D25BB255F00CC1E30 /* LaunchScreen.storyboard in Resources */ = {isa = PBXBuildFile; fileRef = 526BF21B25BB255F00CC1E30 /* LaunchScreen.storyboard */; };
		526BF23725BC161600CC1E30 /* CommentCell.swift in Sources */ = {isa = PBXBuildFile; fileRef = 526BF23625BC161600CC1E30 /* CommentCell.swift */; };
		526BF23A25BC198400CC1E30 /* Comment.swift in Sources */ = {isa = PBXBuildFile; fileRef = 526BF23925BC198400CC1E30 /* Comment.swift */; };
		526BF23E25BC25CE00CC1E30 /* NetworkService.swift in Sources */ = {isa = PBXBuildFile; fileRef = 526BF23D25BC25CE00CC1E30 /* NetworkService.swift */; };
		526BF24325BC2CE200CC1E30 /* CommentsNetworkService.swift in Sources */ = {isa = PBXBuildFile; fileRef = 526BF24225BC2CE200CC1E30 /* CommentsNetworkService.swift */; };
		526BF24725BC2F0C00CC1E30 /* GetCommentResponse.swift in Sources */ = {isa = PBXBuildFile; fileRef = 526BF24625BC2F0C00CC1E30 /* GetCommentResponse.swift */; };
		526BF24C25BC3CC000CC1E30 /* NetworkError.swift in Sources */ = {isa = PBXBuildFile; fileRef = 526BF24B25BC3CC000CC1E30 /* NetworkError.swift */; };
/* End PBXBuildFile section */

/* Begin PBXFileReference section */
		526BF20D25BB255D00CC1E30 /* MVC-N.app */ = {isa = PBXFileReference; explicitFileType = wrapper.application; includeInIndex = 0; path = "MVC-N.app"; sourceTree = BUILT_PRODUCTS_DIR; };
		526BF21025BB255D00CC1E30 /* AppDelegate.swift */ = {isa = PBXFileReference; lastKnownFileType = sourcecode.swift; path = AppDelegate.swift; sourceTree = "<group>"; };
		526BF21225BB255D00CC1E30 /* SceneDelegate.swift */ = {isa = PBXFileReference; lastKnownFileType = sourcecode.swift; path = SceneDelegate.swift; sourceTree = "<group>"; };
		526BF21425BB255D00CC1E30 /* CommentsViewController.swift */ = {isa = PBXFileReference; lastKnownFileType = sourcecode.swift; path = CommentsViewController.swift; sourceTree = "<group>"; };
		526BF21725BB255D00CC1E30 /* Base */ = {isa = PBXFileReference; lastKnownFileType = file.storyboard; name = Base; path = Base.lproj/Main.storyboard; sourceTree = "<group>"; };
		526BF21925BB255F00CC1E30 /* Assets.xcassets */ = {isa = PBXFileReference; lastKnownFileType = folder.assetcatalog; path = Assets.xcassets; sourceTree = "<group>"; };
		526BF21C25BB255F00CC1E30 /* Base */ = {isa = PBXFileReference; lastKnownFileType = file.storyboard; name = Base; path = Base.lproj/LaunchScreen.storyboard; sourceTree = "<group>"; };
		526BF21E25BB255F00CC1E30 /* Info.plist */ = {isa = PBXFileReference; lastKnownFileType = text.plist.xml; path = Info.plist; sourceTree = "<group>"; };
		526BF23625BC161600CC1E30 /* CommentCell.swift */ = {isa = PBXFileReference; lastKnownFileType = sourcecode.swift; path = CommentCell.swift; sourceTree = "<group>"; };
		526BF23925BC198400CC1E30 /* Comment.swift */ = {isa = PBXFileReference; lastKnownFileType = sourcecode.swift; path = Comment.swift; sourceTree = "<group>"; };
		526BF23D25BC25CE00CC1E30 /* NetworkService.swift */ = {isa = PBXFileReference; lastKnownFileType = sourcecode.swift; path = NetworkService.swift; sourceTree = "<group>"; };
		526BF24225BC2CE200CC1E30 /* CommentsNetworkService.swift */ = {isa = PBXFileReference; lastKnownFileType = sourcecode.swift; path = CommentsNetworkService.swift; sourceTree = "<group>"; };
		526BF24625BC2F0C00CC1E30 /* GetCommentResponse.swift */ = {isa = PBXFileReference; lastKnownFileType = sourcecode.swift; path = GetCommentResponse.swift; sourceTree = "<group>"; };
		526BF24B25BC3CC000CC1E30 /* NetworkError.swift */ = {isa = PBXFileReference; lastKnownFileType = sourcecode.swift; path = NetworkError.swift; sourceTree = "<group>"; };
/* End PBXFileReference section */

/* Begin PBXFrameworksBuildPhase section */
		526BF20A25BB255D00CC1E30 /* Frameworks */ = {
			isa = PBXFrameworksBuildPhase;
			buildActionMask = 2147483647;
			files = (
			);
			runOnlyForDeploymentPostprocessing = 0;
		};
/* End PBXFrameworksBuildPhase section */

/* Begin PBXGroup section */
		526BF20425BB255D00CC1E30 = {
			isa = PBXGroup;
			children = (
				526BF20F25BB255D00CC1E30 /* MVC-N */,
				526BF20E25BB255D00CC1E30 /* Products */,
			);
			sourceTree = "<group>";
		};
		526BF20E25BB255D00CC1E30 /* Products */ = {
			isa = PBXGroup;
			children = (
				526BF20D25BB255D00CC1E30 /* MVC-N.app */,
			);
			name = Products;
			sourceTree = "<group>";
		};
		526BF20F25BB255D00CC1E30 /* MVC-N */ = {
			isa = PBXGroup;
			children = (
				526BF22825BB266800CC1E30 /* Application */,
				526BF22925BB270200CC1E30 /* Comments */,
				526BF22D25BB289400CC1E30 /* Supporting files */,
				526BF21E25BB255F00CC1E30 /* Info.plist */,
			);
			path = "MVC-N";
			sourceTree = "<group>";
		};
		526BF22525BB259E00CC1E30 /* Model */ = {
			isa = PBXGroup;
			children = (
				526BF24B25BC3CC000CC1E30 /* NetworkError.swift */,
			);
			path = Model;
			sourceTree = "<group>";
		};
		526BF22625BB25C100CC1E30 /* View */ = {
			isa = PBXGroup;
			children = (
				526BF21B25BB255F00CC1E30 /* LaunchScreen.storyboard */,
			);
			path = View;
			sourceTree = "<group>";
		};
		526BF22725BB25CF00CC1E30 /* Controller */ = {
			isa = PBXGroup;
			children = (
				526BF21025BB255D00CC1E30 /* AppDelegate.swift */,
			);
			path = Controller;
			sourceTree = "<group>";
		};
		526BF22825BB266800CC1E30 /* Application */ = {
			isa = PBXGroup;
			children = (
				526BF22525BB259E00CC1E30 /* Model */,
				526BF22625BB25C100CC1E30 /* View */,
				526BF23C25BC257500CC1E30 /* NetworkService */,
				526BF22725BB25CF00CC1E30 /* Controller */,
			);
			path = Application;
			sourceTree = "<group>";
		};
		526BF22925BB270200CC1E30 /* Comments */ = {
			isa = PBXGroup;
			children = (
				526BF24125BC2C7C00CC1E30 /* CommentsNetworkService */,
				526BF22C25BB278500CC1E30 /* Model */,
				526BF22B25BB277800CC1E30 /* View */,
				526BF22A25BB276800CC1E30 /* Controller */,
			);
			path = Comments;
			sourceTree = "<group>";
		};
		526BF22A25BB276800CC1E30 /* Controller */ = {
			isa = PBXGroup;
			children = (
				526BF21425BB255D00CC1E30 /* CommentsViewController.swift */,
			);
			path = Controller;
			sourceTree = "<group>";
		};
		526BF22B25BB277800CC1E30 /* View */ = {
			isa = PBXGroup;
			children = (
				526BF21625BB255D00CC1E30 /* Main.storyboard */,
				526BF23625BC161600CC1E30 /* CommentCell.swift */,
			);
			path = View;
			sourceTree = "<group>";
		};
		526BF22C25BB278500CC1E30 /* Model */ = {
			isa = PBXGroup;
			children = (
				526BF24925BC3B5F00CC1E30 /* Response */,
			);
			path = Model;
			sourceTree = "<group>";
		};
		526BF22D25BB289400CC1E30 /* Supporting files */ = {
			isa = PBXGroup;
			children = (
				526BF21225BB255D00CC1E30 /* SceneDelegate.swift */,
				526BF21925BB255F00CC1E30 /* Assets.xcassets */,
			);
			path = "Supporting files";
			sourceTree = "<group>";
		};
		526BF23C25BC257500CC1E30 /* NetworkService */ = {
			isa = PBXGroup;
			children = (
				526BF23D25BC25CE00CC1E30 /* NetworkService.swift */,
			);
			path = NetworkService;
			sourceTree = "<group>";
		};
		526BF24125BC2C7C00CC1E30 /* CommentsNetworkService */ = {
			isa = PBXGroup;
			children = (
				526BF24225BC2CE200CC1E30 /* CommentsNetworkService.swift */,
			);
			path = CommentsNetworkService;
			sourceTree = "<group>";
		};
		526BF24925BC3B5F00CC1E30 /* Response */ = {
			isa = PBXGroup;
			children = (
				526BF23925BC198400CC1E30 /* Comment.swift */,
				526BF24625BC2F0C00CC1E30 /* GetCommentResponse.swift */,
			);
			path = Response;
			sourceTree = "<group>";
		};
/* End PBXGroup section */

/* Begin PBXNativeTarget section */
		526BF20C25BB255D00CC1E30 /* MVC-N */ = {
			isa = PBXNativeTarget;
			buildConfigurationList = 526BF22125BB255F00CC1E30 /* Build configuration list for PBXNativeTarget "MVC-N" */;
			buildPhases = (
				526BF20925BB255D00CC1E30 /* Sources */,
				526BF20A25BB255D00CC1E30 /* Frameworks */,
				526BF20B25BB255D00CC1E30 /* Resources */,
			);
			buildRules = (
			);
			dependencies = (
			);
			name = "MVC-N";
			productName = "MVC-N";
			productReference = 526BF20D25BB255D00CC1E30 /* MVC-N.app */;
			productType = "com.apple.product-type.application";
		};
/* End PBXNativeTarget section */

/* Begin PBXProject section */
		526BF20525BB255D00CC1E30 /* Project object */ = {
			isa = PBXProject;
			attributes = {
				LastSwiftUpdateCheck = 1220;
				LastUpgradeCheck = 1220;
				TargetAttributes = {
					526BF20C25BB255D00CC1E30 = {
						CreatedOnToolsVersion = 12.2;
					};
				};
			};
			buildConfigurationList = 526BF20825BB255D00CC1E30 /* Build configuration list for PBXProject "MVC-N" */;
			compatibilityVersion = "Xcode 9.3";
			developmentRegion = en;
			hasScannedForEncodings = 0;
			knownRegions = (
				en,
				Base,
			);
			mainGroup = 526BF20425BB255D00CC1E30;
			productRefGroup = 526BF20E25BB255D00CC1E30 /* Products */;
			projectDirPath = "";
			projectRoot = "";
			targets = (
				526BF20C25BB255D00CC1E30 /* MVC-N */,
			);
		};
/* End PBXProject section */

/* Begin PBXResourcesBuildPhase section */
		526BF20B25BB255D00CC1E30 /* Resources */ = {
			isa = PBXResourcesBuildPhase;
			buildActionMask = 2147483647;
			files = (
				526BF21D25BB255F00CC1E30 /* LaunchScreen.storyboard in Resources */,
				526BF21A25BB255F00CC1E30 /* Assets.xcassets in Resources */,
				526BF21825BB255D00CC1E30 /* Main.storyboard in Resources */,
			);
			runOnlyForDeploymentPostprocessing = 0;
		};
/* End PBXResourcesBuildPhase section */

/* Begin PBXSourcesBuildPhase section */
		526BF20925BB255D00CC1E30 /* Sources */ = {
			isa = PBXSourcesBuildPhase;
			buildActionMask = 2147483647;
			files = (
				526BF23A25BC198400CC1E30 /* Comment.swift in Sources */,
				526BF21525BB255D00CC1E30 /* CommentsViewController.swift in Sources */,
				526BF21125BB255D00CC1E30 /* AppDelegate.swift in Sources */,
				526BF21325BB255D00CC1E30 /* SceneDelegate.swift in Sources */,
				526BF24325BC2CE200CC1E30 /* CommentsNetworkService.swift in Sources */,
				526BF24725BC2F0C00CC1E30 /* GetCommentResponse.swift in Sources */,
				526BF24C25BC3CC000CC1E30 /* NetworkError.swift in Sources */,
				526BF23E25BC25CE00CC1E30 /* NetworkService.swift in Sources */,
				526BF23725BC161600CC1E30 /* CommentCell.swift in Sources */,
			);
			runOnlyForDeploymentPostprocessing = 0;
		};
/* End PBXSourcesBuildPhase section */

/* Begin PBXVariantGroup section */
		526BF21625BB255D00CC1E30 /* Main.storyboard */ = {
			isa = PBXVariantGroup;
			children = (
				526BF21725BB255D00CC1E30 /* Base */,
			);
			name = Main.storyboard;
			sourceTree = "<group>";
		};
		526BF21B25BB255F00CC1E30 /* LaunchScreen.storyboard */ = {
			isa = PBXVariantGroup;
			children = (
				526BF21C25BB255F00CC1E30 /* Base */,
			);
			name = LaunchScreen.storyboard;
			sourceTree = "<group>";
		};
/* End PBXVariantGroup section */

/* Begin XCBuildConfiguration section */
		526BF21F25BB255F00CC1E30 /* Debug */ = {
			isa = XCBuildConfiguration;
			buildSettings = {
				ALWAYS_SEARCH_USER_PATHS = NO;
				CLANG_ANALYZER_NONNULL = YES;
				CLANG_ANALYZER_NUMBER_OBJECT_CONVERSION = YES_AGGRESSIVE;
				CLANG_CXX_LANGUAGE_STANDARD = "gnu++14";
				CLANG_CXX_LIBRARY = "libc++";
				CLANG_ENABLE_MODULES = YES;
				CLANG_ENABLE_OBJC_ARC = YES;
				CLANG_ENABLE_OBJC_WEAK = YES;
				CLANG_WARN_BLOCK_CAPTURE_AUTORELEASING = YES;
				CLANG_WARN_BOOL_CONVERSION = YES;
				CLANG_WARN_COMMA = YES;
				CLANG_WARN_CONSTANT_CONVERSION = YES;
				CLANG_WARN_DEPRECATED_OBJC_IMPLEMENTATIONS = YES;
				CLANG_WARN_DIRECT_OBJC_ISA_USAGE = YES_ERROR;
				CLANG_WARN_DOCUMENTATION_COMMENTS = YES;
				CLANG_WARN_EMPTY_BODY = YES;
				CLANG_WARN_ENUM_CONVERSION = YES;
				CLANG_WARN_INFINITE_RECURSION = YES;
				CLANG_WARN_INT_CONVERSION = YES;
				CLANG_WARN_NON_LITERAL_NULL_CONVERSION = YES;
				CLANG_WARN_OBJC_IMPLICIT_RETAIN_SELF = YES;
				CLANG_WARN_OBJC_LITERAL_CONVERSION = YES;
				CLANG_WARN_OBJC_ROOT_CLASS = YES_ERROR;
				CLANG_WARN_QUOTED_INCLUDE_IN_FRAMEWORK_HEADER = YES;
				CLANG_WARN_RANGE_LOOP_ANALYSIS = YES;
				CLANG_WARN_STRICT_PROTOTYPES = YES;
				CLANG_WARN_SUSPICIOUS_MOVE = YES;
				CLANG_WARN_UNGUARDED_AVAILABILITY = YES_AGGRESSIVE;
				CLANG_WARN_UNREACHABLE_CODE = YES;
				CLANG_WARN__DUPLICATE_METHOD_MATCH = YES;
				COPY_PHASE_STRIP = NO;
				DEBUG_INFORMATION_FORMAT = dwarf;
				ENABLE_STRICT_OBJC_MSGSEND = YES;
				ENABLE_TESTABILITY = YES;
				GCC_C_LANGUAGE_STANDARD = gnu11;
				GCC_DYNAMIC_NO_PIC = NO;
				GCC_NO_COMMON_BLOCKS = YES;
				GCC_OPTIMIZATION_LEVEL = 0;
				GCC_PREPROCESSOR_DEFINITIONS = (
					"DEBUG=1",
					"$(inherited)",
				);
				GCC_WARN_64_TO_32_BIT_CONVERSION = YES;
				GCC_WARN_ABOUT_RETURN_TYPE = YES_ERROR;
				GCC_WARN_UNDECLARED_SELECTOR = YES;
				GCC_WARN_UNINITIALIZED_AUTOS = YES_AGGRESSIVE;
				GCC_WARN_UNUSED_FUNCTION = YES;
				GCC_WARN_UNUSED_VARIABLE = YES;
				IPHONEOS_DEPLOYMENT_TARGET = 14.2;
				MTL_ENABLE_DEBUG_INFO = INCLUDE_SOURCE;
				MTL_FAST_MATH = YES;
				ONLY_ACTIVE_ARCH = YES;
				SDKROOT = iphoneos;
				SWIFT_ACTIVE_COMPILATION_CONDITIONS = DEBUG;
				SWIFT_OPTIMIZATION_LEVEL = "-Onone";
			};
			name = Debug;
		};
		526BF22025BB255F00CC1E30 /* Release */ = {
			isa = XCBuildConfiguration;
			buildSettings = {
				ALWAYS_SEARCH_USER_PATHS = NO;
				CLANG_ANALYZER_NONNULL = YES;
				CLANG_ANALYZER_NUMBER_OBJECT_CONVERSION = YES_AGGRESSIVE;
				CLANG_CXX_LANGUAGE_STANDARD = "gnu++14";
				CLANG_CXX_LIBRARY = "libc++";
				CLANG_ENABLE_MODULES = YES;
				CLANG_ENABLE_OBJC_ARC = YES;
				CLANG_ENABLE_OBJC_WEAK = YES;
				CLANG_WARN_BLOCK_CAPTURE_AUTORELEASING = YES;
				CLANG_WARN_BOOL_CONVERSION = YES;
				CLANG_WARN_COMMA = YES;
				CLANG_WARN_CONSTANT_CONVERSION = YES;
				CLANG_WARN_DEPRECATED_OBJC_IMPLEMENTATIONS = YES;
				CLANG_WARN_DIRECT_OBJC_ISA_USAGE = YES_ERROR;
				CLANG_WARN_DOCUMENTATION_COMMENTS = YES;
				CLANG_WARN_EMPTY_BODY = YES;
				CLANG_WARN_ENUM_CONVERSION = YES;
				CLANG_WARN_INFINITE_RECURSION = YES;
				CLANG_WARN_INT_CONVERSION = YES;
				CLANG_WARN_NON_LITERAL_NULL_CONVERSION = YES;
				CLANG_WARN_OBJC_IMPLICIT_RETAIN_SELF = YES;
				CLANG_WARN_OBJC_LITERAL_CONVERSION = YES;
				CLANG_WARN_OBJC_ROOT_CLASS = YES_ERROR;
				CLANG_WARN_QUOTED_INCLUDE_IN_FRAMEWORK_HEADER = YES;
				CLANG_WARN_RANGE_LOOP_ANALYSIS = YES;
				CLANG_WARN_STRICT_PROTOTYPES = YES;
				CLANG_WARN_SUSPICIOUS_MOVE = YES;
				CLANG_WARN_UNGUARDED_AVAILABILITY = YES_AGGRESSIVE;
				CLANG_WARN_UNREACHABLE_CODE = YES;
				CLANG_WARN__DUPLICATE_METHOD_MATCH = YES;
				COPY_PHASE_STRIP = NO;
				DEBUG_INFORMATION_FORMAT = "dwarf-with-dsym";
				ENABLE_NS_ASSERTIONS = NO;
				ENABLE_STRICT_OBJC_MSGSEND = YES;
				GCC_C_LANGUAGE_STANDARD = gnu11;
				GCC_NO_COMMON_BLOCKS = YES;
				GCC_WARN_64_TO_32_BIT_CONVERSION = YES;
				GCC_WARN_ABOUT_RETURN_TYPE = YES_ERROR;
				GCC_WARN_UNDECLARED_SELECTOR = YES;
				GCC_WARN_UNINITIALIZED_AUTOS = YES_AGGRESSIVE;
				GCC_WARN_UNUSED_FUNCTION = YES;
				GCC_WARN_UNUSED_VARIABLE = YES;
				IPHONEOS_DEPLOYMENT_TARGET = 14.2;
				MTL_ENABLE_DEBUG_INFO = NO;
				MTL_FAST_MATH = YES;
				SDKROOT = iphoneos;
				SWIFT_COMPILATION_MODE = wholemodule;
				SWIFT_OPTIMIZATION_LEVEL = "-O";
				VALIDATE_PRODUCT = YES;
			};
			name = Release;
		};
		526BF22225BB255F00CC1E30 /* Debug */ = {
			isa = XCBuildConfiguration;
			buildSettings = {
				ASSETCATALOG_COMPILER_APPICON_NAME = AppIcon;
				ASSETCATALOG_COMPILER_GLOBAL_ACCENT_COLOR_NAME = AccentColor;
				CODE_SIGN_STYLE = Automatic;
				DEVELOPMENT_TEAM = C8V9DS8345;
				INFOPLIST_FILE = "MVC-N/Info.plist";
				LD_RUNPATH_SEARCH_PATHS = (
					"$(inherited)",
					"@executable_path/Frameworks",
				);
				PRODUCT_BUNDLE_IDENTIFIER = "Nick.MVC-N";
				PRODUCT_NAME = "$(TARGET_NAME)";
				SWIFT_VERSION = 5.0;
				TARGETED_DEVICE_FAMILY = "1,2";
			};
			name = Debug;
		};
		526BF22325BB255F00CC1E30 /* Release */ = {
			isa = XCBuildConfiguration;
			buildSettings = {
				ASSETCATALOG_COMPILER_APPICON_NAME = AppIcon;
				ASSETCATALOG_COMPILER_GLOBAL_ACCENT_COLOR_NAME = AccentColor;
				CODE_SIGN_STYLE = Automatic;
				DEVELOPMENT_TEAM = C8V9DS8345;
				INFOPLIST_FILE = "MVC-N/Info.plist";
				LD_RUNPATH_SEARCH_PATHS = (
					"$(inherited)",
					"@executable_path/Frameworks",
				);
				PRODUCT_BUNDLE_IDENTIFIER = "Nick.MVC-N";
				PRODUCT_NAME = "$(TARGET_NAME)";
				SWIFT_VERSION = 5.0;
				TARGETED_DEVICE_FAMILY = "1,2";
			};
			name = Release;
		};
/* End XCBuildConfiguration section */

/* Begin XCConfigurationList section */
		526BF20825BB255D00CC1E30 /* Build configuration list for PBXProject "MVC-N" */ = {
			isa = XCConfigurationList;
			buildConfigurations = (
				526BF21F25BB255F00CC1E30 /* Debug */,
				526BF22025BB255F00CC1E30 /* Release */,
			);
			defaultConfigurationIsVisible = 0;
			defaultConfigurationName = Release;
		};
		526BF22125BB255F00CC1E30 /* Build configuration list for PBXNativeTarget "MVC-N" */ = {
			isa = XCConfigurationList;
			buildConfigurations = (
				526BF22225BB255F00CC1E30 /* Debug */,
				526BF22325BB255F00CC1E30 /* Release */,
			);
			defaultConfigurationIsVisible = 0;
			defaultConfigurationName = Release;
		};
/* End XCConfigurationList section */
	};
	rootObject = 526BF20525BB255D00CC1E30 /* Project object */;
}
